
Microsoft Visual Studio Solution File, Format Version 12.00
# Visual Studio Version 17
VisualStudioVersion = 17.5.002.0
MinimumVisualStudioVersion = 10.0.40219.1
Project("{9A19103F-16F7-4668-BE54-9A1E7A4F7556}") = "SaveFileSync", "SaveFileSync.csproj", "{110E2564-EDAD-4F84-8EE3-06BE054E7F78}"
EndProject
Global
	GlobalSection(SolutionConfigurationPlatforms) = preSolution
		Debug|Any CPU = Debug|Any CPU
		Release|Any CPU = Release|Any CPU
	EndGlobalSection
	GlobalSection(ProjectConfigurationPlatforms) = postSolution
		{110E2564-EDAD-4F84-8EE3-06BE054E7F78}.Debug|Any CPU.ActiveCfg = Debug|Any CPU
		{110E2564-EDAD-4F84-8EE3-06BE054E7F78}.Debug|Any CPU.Build.0 = Debug|Any CPU
		{110E2564-EDAD-4F84-8EE3-06BE054E7F78}.Release|Any CPU.ActiveCfg = Release|Any CPU
		{110E2564-EDAD-4F84-8EE3-06BE054E7F78}.Release|Any CPU.Build.0 = Release|Any CPU
	EndGlobalSection
	GlobalSection(SolutionProperties) = preSolution
		HideSolutionNode = FALSE
	EndGlobalSection
	GlobalSection(ExtensibilityGlobals) = postSolution
		SolutionGuid = {2CAD6692-EA6E-43EE-9BE9-B60FA6194AF5}
	EndGlobalSection
EndGlobal
